
Microsoft Visual Studio Solution File, Format Version 12.00
# Visual Studio 2012
Project("{FAE04EC0-301F-11D3-BF4B-00C04F79EFBC}") = "Auth0Client", "Auth0Client\Auth0Client.csproj", "{088072EA-5157-4C40-B41B-8BB7B7187FCA}"
EndProject
Global
	GlobalSection(SolutionConfigurationPlatforms) = preSolution
		Debug|Any CPU = Debug|Any CPU
		Debug|ARM = Debug|ARM
		Debug|x86 = Debug|x86
		Release|Any CPU = Release|Any CPU
		Release|ARM = Release|ARM
		Release|x86 = Release|x86
	EndGlobalSection
	GlobalSection(ProjectConfigurationPlatforms) = postSolution
		{088072EA-5157-4C40-B41B-8BB7B7187FCA}.Debug|Any CPU.ActiveCfg = Debug|Any CPU
		{088072EA-5157-4C40-B41B-8BB7B7187FCA}.Debug|Any CPU.Build.0 = Debug|Any CPU
		{088072EA-5157-4C40-B41B-8BB7B7187FCA}.Debug|ARM.ActiveCfg = Debug|ARM
		{088072EA-5157-4C40-B41B-8BB7B7187FCA}.Debug|ARM.Build.0 = Debug|ARM
		{088072EA-5157-4C40-B41B-8BB7B7187FCA}.Debug|x86.ActiveCfg = Debug|x86
		{088072EA-5157-4C40-B41B-8BB7B7187FCA}.Debug|x86.Build.0 = Debug|x86
		{088072EA-5157-4C40-B41B-8BB7B7187FCA}.Release|Any CPU.ActiveCfg = Release|Any CPU
		{088072EA-5157-4C40-B41B-8BB7B7187FCA}.Release|Any CPU.Build.0 = Release|Any CPU
		{088072EA-5157-4C40-B41B-8BB7B7187FCA}.Release|ARM.ActiveCfg = Release|ARM
		{088072EA-5157-4C40-B41B-8BB7B7187FCA}.Release|ARM.Build.0 = Release|ARM
		{088072EA-5157-4C40-B41B-8BB7B7187FCA}.Release|x86.ActiveCfg = Release|x86
		{088072EA-5157-4C40-B41B-8BB7B7187FCA}.Release|x86.Build.0 = Release|x86
	EndGlobalSection
	GlobalSection(SolutionProperties) = preSolution
		HideSolutionNode = FALSE
	EndGlobalSection
EndGlobal
