
Microsoft Visual Studio Solution File, Format Version 12.00
# Visual Studio 2013
VisualStudioVersion = 12.0.30501.0
MinimumVisualStudioVersion = 10.0.40219.1
Project("{FAE04EC0-301F-11D3-BF4B-00C04F79EFBC}") = "Auth0Client.Phone.Silverlight", "Auth0Client\Auth0Client.Phone.Silverlight.csproj", "{088072EA-5157-4C40-B41B-8BB7B7187FCA}"
EndProject
Project("{FAE04EC0-301F-11D3-BF4B-00C04F79EFBC}") = "SampleApp.Phone.Silverlight", "SampleApp\SampleApp.Phone.Silverlight.csproj", "{FD828637-A4E1-437D-A9F5-F17422373EDD}"
EndProject
Project("{FAE04EC0-301F-11D3-BF4B-00C04F79EFBC}") = "Auth0Client.Phone", "Auth0Client.Phone\Auth0Client.Phone.csproj", "{53D1F9D1-78FC-424A-9F3F-3B33C2FD1C8D}"
EndProject
Project("{FAE04EC0-301F-11D3-BF4B-00C04F79EFBC}") = "SampleApp.Phone81", "SampleApp.Phone81\SampleApp.Phone81.csproj", "{F3777D16-8A8E-48F7-9BD6-8017EC4A7DCB}"
EndProject
Project("{FAE04EC0-301F-11D3-BF4B-00C04F79EFBC}") = "Auth0Client.Phone.Tests", "Auth0Client.Phone.Tests\Auth0Client.Phone.Tests.csproj", "{5B22C995-02BE-4A8E-B73D-8866D4574082}"
EndProject
Global
	GlobalSection(SolutionConfigurationPlatforms) = preSolution
		Debug|Any CPU = Debug|Any CPU
		Debug|ARM = Debug|ARM
		Debug|x86 = Debug|x86
		Release|Any CPU = Release|Any CPU
		Release|ARM = Release|ARM
		Release|x86 = Release|x86
	EndGlobalSection
	GlobalSection(ProjectConfigurationPlatforms) = postSolution
		{088072EA-5157-4C40-B41B-8BB7B7187FCA}.Debug|Any CPU.ActiveCfg = Debug|Any CPU
		{088072EA-5157-4C40-B41B-8BB7B7187FCA}.Debug|Any CPU.Build.0 = Debug|Any CPU
		{088072EA-5157-4C40-B41B-8BB7B7187FCA}.Debug|ARM.ActiveCfg = Debug|ARM
		{088072EA-5157-4C40-B41B-8BB7B7187FCA}.Debug|ARM.Build.0 = Debug|ARM
		{088072EA-5157-4C40-B41B-8BB7B7187FCA}.Debug|x86.ActiveCfg = Debug|x86
		{088072EA-5157-4C40-B41B-8BB7B7187FCA}.Debug|x86.Build.0 = Debug|x86
		{088072EA-5157-4C40-B41B-8BB7B7187FCA}.Release|Any CPU.ActiveCfg = Release|Any CPU
		{088072EA-5157-4C40-B41B-8BB7B7187FCA}.Release|Any CPU.Build.0 = Release|Any CPU
		{088072EA-5157-4C40-B41B-8BB7B7187FCA}.Release|ARM.ActiveCfg = Release|ARM
		{088072EA-5157-4C40-B41B-8BB7B7187FCA}.Release|ARM.Build.0 = Release|ARM
		{088072EA-5157-4C40-B41B-8BB7B7187FCA}.Release|x86.ActiveCfg = Release|x86
		{088072EA-5157-4C40-B41B-8BB7B7187FCA}.Release|x86.Build.0 = Release|x86
		{FD828637-A4E1-437D-A9F5-F17422373EDD}.Debug|Any CPU.ActiveCfg = Debug|Any CPU
		{FD828637-A4E1-437D-A9F5-F17422373EDD}.Debug|Any CPU.Build.0 = Debug|Any CPU
		{FD828637-A4E1-437D-A9F5-F17422373EDD}.Debug|Any CPU.Deploy.0 = Debug|Any CPU
		{FD828637-A4E1-437D-A9F5-F17422373EDD}.Debug|ARM.ActiveCfg = Debug|ARM
		{FD828637-A4E1-437D-A9F5-F17422373EDD}.Debug|ARM.Build.0 = Debug|ARM
		{FD828637-A4E1-437D-A9F5-F17422373EDD}.Debug|ARM.Deploy.0 = Debug|ARM
		{FD828637-A4E1-437D-A9F5-F17422373EDD}.Debug|x86.ActiveCfg = Debug|x86
		{FD828637-A4E1-437D-A9F5-F17422373EDD}.Debug|x86.Build.0 = Debug|x86
		{FD828637-A4E1-437D-A9F5-F17422373EDD}.Debug|x86.Deploy.0 = Debug|x86
		{FD828637-A4E1-437D-A9F5-F17422373EDD}.Release|Any CPU.ActiveCfg = Release|Any CPU
		{FD828637-A4E1-437D-A9F5-F17422373EDD}.Release|Any CPU.Build.0 = Release|Any CPU
		{FD828637-A4E1-437D-A9F5-F17422373EDD}.Release|Any CPU.Deploy.0 = Release|Any CPU
		{FD828637-A4E1-437D-A9F5-F17422373EDD}.Release|ARM.ActiveCfg = Release|ARM
		{FD828637-A4E1-437D-A9F5-F17422373EDD}.Release|ARM.Build.0 = Release|ARM
		{FD828637-A4E1-437D-A9F5-F17422373EDD}.Release|ARM.Deploy.0 = Release|ARM
		{FD828637-A4E1-437D-A9F5-F17422373EDD}.Release|x86.ActiveCfg = Release|x86
		{FD828637-A4E1-437D-A9F5-F17422373EDD}.Release|x86.Build.0 = Release|x86
		{FD828637-A4E1-437D-A9F5-F17422373EDD}.Release|x86.Deploy.0 = Release|x86
		{53D1F9D1-78FC-424A-9F3F-3B33C2FD1C8D}.Debug|Any CPU.ActiveCfg = Debug|Any CPU
		{53D1F9D1-78FC-424A-9F3F-3B33C2FD1C8D}.Debug|Any CPU.Build.0 = Debug|Any CPU
		{53D1F9D1-78FC-424A-9F3F-3B33C2FD1C8D}.Debug|ARM.ActiveCfg = Debug|ARM
		{53D1F9D1-78FC-424A-9F3F-3B33C2FD1C8D}.Debug|ARM.Build.0 = Debug|ARM
		{53D1F9D1-78FC-424A-9F3F-3B33C2FD1C8D}.Debug|x86.ActiveCfg = Debug|x86
		{53D1F9D1-78FC-424A-9F3F-3B33C2FD1C8D}.Debug|x86.Build.0 = Debug|x86
		{53D1F9D1-78FC-424A-9F3F-3B33C2FD1C8D}.Release|Any CPU.ActiveCfg = Release|Any CPU
		{53D1F9D1-78FC-424A-9F3F-3B33C2FD1C8D}.Release|Any CPU.Build.0 = Release|Any CPU
		{53D1F9D1-78FC-424A-9F3F-3B33C2FD1C8D}.Release|ARM.ActiveCfg = Release|ARM
		{53D1F9D1-78FC-424A-9F3F-3B33C2FD1C8D}.Release|ARM.Build.0 = Release|ARM
		{53D1F9D1-78FC-424A-9F3F-3B33C2FD1C8D}.Release|x86.ActiveCfg = Release|x86
		{53D1F9D1-78FC-424A-9F3F-3B33C2FD1C8D}.Release|x86.Build.0 = Release|x86
		{F3777D16-8A8E-48F7-9BD6-8017EC4A7DCB}.Debug|Any CPU.ActiveCfg = Debug|Any CPU
		{F3777D16-8A8E-48F7-9BD6-8017EC4A7DCB}.Debug|Any CPU.Build.0 = Debug|Any CPU
		{F3777D16-8A8E-48F7-9BD6-8017EC4A7DCB}.Debug|Any CPU.Deploy.0 = Debug|Any CPU
		{F3777D16-8A8E-48F7-9BD6-8017EC4A7DCB}.Debug|ARM.ActiveCfg = Debug|ARM
		{F3777D16-8A8E-48F7-9BD6-8017EC4A7DCB}.Debug|ARM.Build.0 = Debug|ARM
		{F3777D16-8A8E-48F7-9BD6-8017EC4A7DCB}.Debug|ARM.Deploy.0 = Debug|ARM
		{F3777D16-8A8E-48F7-9BD6-8017EC4A7DCB}.Debug|x86.ActiveCfg = Debug|x86
		{F3777D16-8A8E-48F7-9BD6-8017EC4A7DCB}.Debug|x86.Build.0 = Debug|x86
		{F3777D16-8A8E-48F7-9BD6-8017EC4A7DCB}.Debug|x86.Deploy.0 = Debug|x86
		{F3777D16-8A8E-48F7-9BD6-8017EC4A7DCB}.Release|Any CPU.ActiveCfg = Release|Any CPU
		{F3777D16-8A8E-48F7-9BD6-8017EC4A7DCB}.Release|Any CPU.Build.0 = Release|Any CPU
		{F3777D16-8A8E-48F7-9BD6-8017EC4A7DCB}.Release|Any CPU.Deploy.0 = Release|Any CPU
		{F3777D16-8A8E-48F7-9BD6-8017EC4A7DCB}.Release|ARM.ActiveCfg = Release|ARM
		{F3777D16-8A8E-48F7-9BD6-8017EC4A7DCB}.Release|ARM.Build.0 = Release|ARM
		{F3777D16-8A8E-48F7-9BD6-8017EC4A7DCB}.Release|ARM.Deploy.0 = Release|ARM
		{F3777D16-8A8E-48F7-9BD6-8017EC4A7DCB}.Release|x86.ActiveCfg = Release|x86
		{F3777D16-8A8E-48F7-9BD6-8017EC4A7DCB}.Release|x86.Build.0 = Release|x86
		{F3777D16-8A8E-48F7-9BD6-8017EC4A7DCB}.Release|x86.Deploy.0 = Release|x86
		{5B22C995-02BE-4A8E-B73D-8866D4574082}.Debug|Any CPU.ActiveCfg = Debug|Any CPU
		{5B22C995-02BE-4A8E-B73D-8866D4574082}.Debug|Any CPU.Build.0 = Debug|Any CPU
		{5B22C995-02BE-4A8E-B73D-8866D4574082}.Debug|ARM.ActiveCfg = Debug|Any CPU
		{5B22C995-02BE-4A8E-B73D-8866D4574082}.Debug|x86.ActiveCfg = Debug|Any CPU
		{5B22C995-02BE-4A8E-B73D-8866D4574082}.Release|Any CPU.ActiveCfg = Release|Any CPU
		{5B22C995-02BE-4A8E-B73D-8866D4574082}.Release|Any CPU.Build.0 = Release|Any CPU
		{5B22C995-02BE-4A8E-B73D-8866D4574082}.Release|ARM.ActiveCfg = Release|Any CPU
		{5B22C995-02BE-4A8E-B73D-8866D4574082}.Release|x86.ActiveCfg = Release|Any CPU
	EndGlobalSection
	GlobalSection(SolutionProperties) = preSolution
		HideSolutionNode = FALSE
	EndGlobalSection
EndGlobal
